
Microsoft Visual Studio Solution File, Format Version 12.00
# Visual Studio Version 17
VisualStudioVersion = 17.8.34227.203
MinimumVisualStudioVersion = 10.0.40219.1
Project("{FAE04EC0-301F-11D3-BF4B-00C04F79EFBC}") = "NewsViewComponentMVC", "NewsViewComponentMVC\NewsViewComponentMVC.csproj", "{6BEDE830-F0CB-4166-B2A8-09BA2893986A}"
EndProject
Global
	GlobalSection(SolutionConfigurationPlatforms) = preSolution
		Debug|Any CPU = Debug|Any CPU
		Release|Any CPU = Release|Any CPU
	EndGlobalSection
	GlobalSection(ProjectConfigurationPlatforms) = postSolution
		{6BEDE830-F0CB-4166-B2A8-09BA2893986A}.Debug|Any CPU.ActiveCfg = Debug|Any CPU
		{6BEDE830-F0CB-4166-B2A8-09BA2893986A}.Debug|Any CPU.Build.0 = Debug|Any CPU
		{6BEDE830-F0CB-4166-B2A8-09BA2893986A}.Release|Any CPU.ActiveCfg = Release|Any CPU
		{6BEDE830-F0CB-4166-B2A8-09BA2893986A}.Release|Any CPU.Build.0 = Release|Any CPU
	EndGlobalSection
	GlobalSection(SolutionProperties) = preSolution
		HideSolutionNode = FALSE
	EndGlobalSection
	GlobalSection(ExtensibilityGlobals) = postSolution
		SolutionGuid = {210A648D-9F4E-4F04-8403-F1B307D6DF5D}
	EndGlobalSection
EndGlobal
